
Microsoft Visual Studio Solution File, Format Version 12.00
# Visual Studio Version 17
VisualStudioVersion = 17.4.33403.182
MinimumVisualStudioVersion = 10.0.40219.1
Project("{FAE04EC0-301F-11D3-BF4B-00C04F79EFBC}") = "RestAPIWithXML", "RestAPIWithXML\RestAPIWithXML.csproj", "{91E023B1-3834-4AD7-9630-05774B34ABDC}"
EndProject
Global
	GlobalSection(SolutionConfigurationPlatforms) = preSolution
		Debug|Any CPU = Debug|Any CPU
		Release|Any CPU = Release|Any CPU
	EndGlobalSection
	GlobalSection(ProjectConfigurationPlatforms) = postSolution
		{91E023B1-3834-4AD7-9630-05774B34ABDC}.Debug|Any CPU.ActiveCfg = Debug|Any CPU
		{91E023B1-3834-4AD7-9630-05774B34ABDC}.Debug|Any CPU.Build.0 = Debug|Any CPU
		{91E023B1-3834-4AD7-9630-05774B34ABDC}.Release|Any CPU.ActiveCfg = Release|Any CPU
		{91E023B1-3834-4AD7-9630-05774B34ABDC}.Release|Any CPU.Build.0 = Release|Any CPU
	EndGlobalSection
	GlobalSection(SolutionProperties) = preSolution
		HideSolutionNode = FALSE
	EndGlobalSection
	GlobalSection(ExtensibilityGlobals) = postSolution
		SolutionGuid = {2457AA0F-3FEA-406E-B9AD-2E8302E97E28}
	EndGlobalSection
EndGlobal
